#MicroXplorer Configuration settings - do not modify
Mcu.Family=STM32L4
RCC.MSI_VALUE=48000000
RCC.PLLSourceVirtual=RCC_PLLSOURCE_HSI
ProjectManager.MainLocation=Core/Src
USB_DEVICE.CLASS_NAME_FS=CDC
RCC.PLLQoutputFreq_Value=80000000
RCC.USART1Freq_Value=80000000
ProjectManager.ProjectFileName=Reflow-Controller-Firmware.ioc
RCC.CortexFreq_Value=80000000
PA13\ (JTMS/SWDIO).Mode=Trace_Asynchronous_SW
ProjectManager.KeepUserCode=true
Mcu.UserName=STM32L422CBTx
Mcu.PinsNb=17
NVIC.USB_IRQn=true\:0\:0\:false\:false\:true\:false\:true
SPI2.VirtualType=VM_MASTER
ProjectManager.NoMain=false
USB_DEVICE.VirtualModeFS=Cdc_FS
PH0-OSC_IN\ (PH0).Signal=RCC_OSC_IN
SPI2.NSSPMode=SPI_NSS_PULSE_DISABLE
ProjectManager.functionlistsort=1-MX_GPIO_Init-GPIO-false-HAL-true,2-SystemClock_Config-RCC-false-HAL-false,3-MX_SPI2_Init-SPI2-false-HAL-true,4-MX_USB_DEVICE_Init-USB_DEVICE-false-HAL-false
PA11.Mode=Device
ProjectManager.DefaultFWLocation=true
RCC.USART2Freq_Value=80000000
PB12.Locked=true
ProjectManager.DeletePrevious=true
PB11.Signal=GPIO_Output
PB13.Signal=SPI2_SCK
USB_DEVICE.IPParameters=VirtualMode,VirtualModeFS,CLASS_NAME_FS
PinOutPanel.RotationAngle=0
RCC.FamilyName=M
PH1-OSC_OUT\ (PH1).Signal=RCC_OSC_OUT
RCC.MCO1PinFreq_Value=80000000
RCC.SYSCLKSource=RCC_SYSCLKSOURCE_PLLCLK
ProjectManager.StackSize=0x400
RCC.I2C3Freq_Value=80000000
RCC.LPTIM1Freq_Value=80000000
Mcu.IP4=USB
RCC.FCLKCortexFreq_Value=80000000
Mcu.IP5=USB_DEVICE
NVIC.SVCall_IRQn=true\:0\:0\:false\:false\:true\:false\:false
Mcu.IP2=SPI2
Mcu.IP3=SYS
Mcu.IP0=NVIC
Mcu.IP1=RCC
PA14\ (JTCK/SWCLK).Signal=SYS_JTCK-SWCLK
PA12.Signal=USB_DP
Mcu.UserConstants=
PB3\ (JTDO/TRACESWO).Signal=SYS_JTDO-SWO
ProjectManager.TargetToolchain=STM32CubeIDE
Mcu.ThirdPartyNb=0
RCC.HCLKFreq_Value=80000000
VP_USB_DEVICE_VS_USB_DEVICE_CDC_FS.Mode=CDC_FS
Mcu.IPNb=6
ProjectManager.PreviousToolchain=STM32CubeIDE
RCC.APB2TimFreq_Value=80000000
SPI2.IPParameters=VirtualType,Mode,Direction,CalculateBaudRate,BaudRatePrescaler,DataSize,NSSPMode
Mcu.Pin6=PB11
Mcu.Pin7=PB12
ProjectManager.RegisterCallBack=
Mcu.Pin8=PB13
RCC.USBFreq_Value=48000000
Mcu.Pin9=PB14
RCC.LSE_VALUE=32768
PA1.Signal=GPIO_Output
RCC.AHBFreq_Value=80000000
SPI2.BaudRatePrescaler=SPI_BAUDRATEPRESCALER_16
PB13.Locked=true
Mcu.Pin0=PH0-OSC_IN (PH0)
Mcu.Pin1=PH1-OSC_OUT (PH1)
GPIO.groupedBy=Group By Peripherals
Mcu.Pin2=PA0
Mcu.Pin3=PA1
RCC.USART3Freq_Value=80000000
Mcu.Pin4=PA2
Mcu.Pin5=PA3
PB14.Signal=SPI2_MISO
ProjectManager.ProjectBuild=false
PH1-OSC_OUT\ (PH1).Mode=HSE-External-Oscillator
RCC.HSE_VALUE=8000000
NVIC.UsageFault_IRQn=true\:0\:0\:false\:false\:true\:false\:false
PA0.Locked=true
NVIC.DebugMonitor_IRQn=true\:0\:0\:false\:false\:true\:false\:false
board=custom
RCC.VCOOutputFreq_Value=160000000
NVIC.SysTick_IRQn=true\:0\:0\:false\:false\:true\:false\:true
ProjectManager.LastFirmware=true
ProjectManager.FirmwarePackage=STM32Cube FW_L4 V1.17.0
MxDb.Version=DB.6.0.20
RCC.APB2Freq_Value=80000000
ProjectManager.BackupPrevious=false
MxCube.Version=6.2.0
RCC.VCOInputFreq_Value=16000000
RCC.I2C1Freq_Value=80000000
PB14.Mode=RX_Only_Simplex_Unidirect_Master
RCC.RNGFreq_Value=48000000
RCC.ADCFreq_Value=80000000
File.Version=6
VP_SYS_VS_Systick.Mode=SysTick
SPI2.CalculateBaudRate=5.0 MBits/s
NVIC.NonMaskableInt_IRQn=true\:0\:0\:false\:false\:true\:false\:false
PA14\ (JTCK/SWCLK).Mode=Trace_Asynchronous_SW
RCC.PLLRCLKFreq_Value=80000000
NVIC.PendSV_IRQn=true\:0\:0\:false\:false\:true\:false\:false
ProjectManager.FreePins=false
RCC.IPParameters=ADCFreq_Value,AHBFreq_Value,APB1Freq_Value,APB1TimFreq_Value,APB2Freq_Value,APB2TimFreq_Value,CRSFreq_Value,CortexFreq_Value,FCLKCortexFreq_Value,FamilyName,HCLKFreq_Value,HSE_VALUE,HSI48_VALUE,HSI_VALUE,I2C1Freq_Value,I2C2Freq_Value,I2C3Freq_Value,LPTIM1Freq_Value,LPTIM2Freq_Value,LPUART1Freq_Value,LSCOPinFreq_Value,LSE_VALUE,LSI_VALUE,MCO1PinFreq_Value,MSIClockRange,MSI_VALUE,PLLN,PLLQoutputFreq_Value,PLLRCLKFreq_Value,PLLSourceVirtual,PWRFreq_Value,RNGFreq_Value,SYSCLKFreq_VALUE,SYSCLKSource,USART1Freq_Value,USART2Freq_Value,USART3Freq_Value,USBFreq_Value,VCOInputFreq_Value,VCOOutputFreq_Value
ProjectManager.AskForMigrate=true
Mcu.Name=STM32L422CBTx
RCC.LPTIM2Freq_Value=80000000
ProjectManager.HalAssertFull=false
PA2.Signal=GPIO_Output
RCC.CRSFreq_Value=48000000
ProjectManager.ProjectName=Reflow-Controller-Firmware
ProjectManager.UnderRoot=true
PA0.Signal=GPIO_Output
ProjectManager.CoupleFile=false
RCC.SYSCLKFreq_VALUE=80000000
Mcu.Package=LQFP48
PA1.Locked=true
PA3.Locked=true
SPI2.Mode=SPI_MODE_MASTER
PA12.Mode=Device
NVIC.ForceEnableDMAVector=true
KeepUserPlacement=false
NVIC.MemoryManagement_IRQn=true\:0\:0\:false\:false\:true\:false\:false
ProjectManager.CompilerOptimize=6
ProjectManager.ToolChainLocation=
RCC.LSI_VALUE=32000
VP_SYS_VS_Systick.Signal=SYS_VS_Systick
PA11.Signal=USB_DM
RCC.LSCOPinFreq_Value=32000
ProjectManager.HeapSize=0x200
Mcu.Pin15=VP_SYS_VS_Systick
NVIC.HardFault_IRQn=true\:0\:0\:false\:false\:true\:false\:false
Mcu.Pin16=VP_USB_DEVICE_VS_USB_DEVICE_CDC_FS
VP_USB_DEVICE_VS_USB_DEVICE_CDC_FS.Signal=USB_DEVICE_VS_USB_DEVICE_CDC_FS
Mcu.Pin13=PA14 (JTCK/SWCLK)
Mcu.Pin14=PB3 (JTDO/TRACESWO)
ProjectManager.ComputerToolchain=false
RCC.HSI_VALUE=16000000
NVIC.PriorityGroup=NVIC_PRIORITYGROUP_4
Mcu.Pin11=PA12
Mcu.Pin12=PA13 (JTMS/SWDIO)
PB3\ (JTDO/TRACESWO).Mode=Trace_Asynchronous_SW
RCC.PLLN=10
Mcu.Pin10=PA11
RCC.APB1TimFreq_Value=80000000
NVIC.BusFault_IRQn=true\:0\:0\:false\:false\:true\:false\:false
RCC.PWRFreq_Value=80000000
RCC.LPUART1Freq_Value=80000000
SPI2.DataSize=SPI_DATASIZE_8BIT
SPI2.Direction=SPI_DIRECTION_2LINES_RXONLY
PB13.Mode=RX_Only_Simplex_Unidirect_Master
RCC.I2C2Freq_Value=80000000
RCC.APB1Freq_Value=80000000
USB_DEVICE.VirtualMode=Cdc
PH0-OSC_IN\ (PH0).Mode=HSE-External-Oscillator
ProjectManager.CustomerFirmwarePackage=
PB11.Locked=true
ProjectManager.DeviceId=STM32L422CBTx
RCC.MSIClockRange=RCC_MSIRANGE_11
PB12.Signal=GPIO_Output
ProjectManager.LibraryCopy=1
RCC.HSI48_VALUE=48000000
PA13\ (JTMS/SWDIO).Signal=SYS_JTMS-SWDIO
PA3.Signal=GPIO_Output
PA2.Locked=true
isbadioc=false
